<?xml version="1.0" encoding="utf-8"?>
<Project ToolsVersion="4.0" xmlns="http://schemas.microsoft.com/developer/msbuild/2003">
  <ItemGroup>
    <Filter Include="Source Files">
      <UniqueIdentifier>{4FC737F1-C7A5-4376-A066-2A32D752A2FF}</UniqueIdentifier>
      <Extensions>cpp;c;cc;cxx;def;odl;idl;hpj;bat;asm;asmx</Extensions>
    </Filter>
    <Filter Include="Header Files">
      <UniqueIdentifier>{93995380-89BD-4b04-88EB-625FBE52EBFB}</UniqueIdentifier>
      <Extensions>h;hh;hpp;hxx;hm;inl;inc;xsd</Extensions>
    </Filter>
    <Filter Include="Resource Files">
      <UniqueIdentifier>{67DA6AB6-F800-4c08-8B7A-83BB121AAD01}</UniqueIdentifier>
      <Extensions>rc;ico;cur;bmp;dlg;rc2;rct;bin;rgs;gif;jpg;jpeg;jpe;resx;tiff;tif;png;wav;mfcribbon-ms</Extensions>
    </Filter>
  </ItemGroup>
  <ItemGroup>
    <None Include="QuadFlightController.ino" />
  </ItemGroup>
  <ItemGroup>
    <ClInclude Include="__vm\.QuadFlightController.vsarduino.h">
      <Filter>Header Files</Filter>
    </ClInclude>
    <ClInclude Include="src\_micro-api\libraries\JAF_UltrasonicLib\src\JAF_UltrasonicLib.h">
      <Filter>Header Files</Filter>
    </ClInclude>
    <ClInclude Include="src\JAF_MavLink\mavlink_bridge_header.h">
      <Filter>Header Files</Filter>
    </ClInclude>
    <ClInclude Include="src\JAF_MavLink\mavlink_receive.h">
      <Filter>Header Files</Filter>
    </ClInclude>
    <ClInclude Include="QuadFlightMain.h">
      <Filter>Header Files</Filter>
    </ClInclude>
    <ClInclude Include="src\_micro-api\libraries\JAF_EscControllerLib\src\JAF_EscControllerLib.h">
      <Filter>Header Files</Filter>
    </ClInclude>
    <ClInclude Include="src\_micro-api\libraries\JAF_FrequencySchedulerLib\src\JAF_FrequencySchedulerLib.h">
      <Filter>Header Files</Filter>
    </ClInclude>
    <ClInclude Include="src\_micro-api\libraries\JAF_PIDLib\src\JAF_PIDLib.h">
      <Filter>Header Files</Filter>
    </ClInclude>
    <ClInclude Include="src\_micro-api\libraries\JAF_Razor9DOFLib\src\JAF_Razor9DOFLib.h">
      <Filter>Header Files</Filter>
    </ClInclude>
    <ClInclude Include="src\_micro-api\libraries\JAF_WatchdogLib\src\JAF_WatchdogLib.h">
      <Filter>Header Files</Filter>
    </ClInclude>
    <ClInclude Include="src\JAF_MavLink\mavlink\mavlink_types.h">
      <Filter>Header Files</Filter>
    </ClInclude>
    <ClInclude Include="src\JAF_MavLink\mavlink\checksum.h">
      <Filter>Header Files</Filter>
    </ClInclude>
    <ClInclude Include="src\JAF_MavLink\mavlink\mavlink_conversions.h">
      <Filter>Header Files</Filter>
    </ClInclude>
    <ClInclude Include="src\JAF_MavLink\mavlink\mavlink_helpers.h">
      <Filter>Header Files</Filter>
    </ClInclude>
    <ClInclude Include="src\JAF_MavLink\mavlink\protocol.h">
      <Filter>Header Files</Filter>
    </ClInclude>
    <ClInclude Include="src\JAF_MavLink\mavlink\JAF_QuadProject\JAF_QuadProject.h">
      <Filter>Header Files</Filter>
    </ClInclude>
    <ClInclude Include="src\JAF_MavLink\mavlink\JAF_QuadProject\mavlink.h">
      <Filter>Header Files</Filter>
    </ClInclude>
    <ClInclude Include="src\JAF_MavLink\mavlink\JAF_QuadProject\mavlink_msg_heartbeat.h">
      <Filter>Header Files</Filter>
    </ClInclude>
    <ClInclude Include="src\JAF_MavLink\mavlink\JAF_QuadProject\testsuite.h">
      <Filter>Header Files</Filter>
    </ClInclude>
    <ClInclude Include="src\JAF_MavLink\mavlink\JAF_QuadProject\version.h">
      <Filter>Header Files</Filter>
    </ClInclude>
  </ItemGroup>
  <ItemGroup>
    <ClCompile Include="src\_micro-api\libraries\JAF_UltrasonicLib\src\JAF_UltrasonicLib.cpp">
      <Filter>Source Files</Filter>
    </ClCompile>
    <ClCompile Include="src\_micro-api\libraries\JAF_EscControllerLib\src\JAF_EscControllerLib.cpp">
      <Filter>Source Files</Filter>
    </ClCompile>
    <ClCompile Include="src\_micro-api\libraries\JAF_FrequencySchedulerLib\src\JAF_FrequencySchedulerLib.cpp">
      <Filter>Source Files</Filter>
    </ClCompile>
    <ClCompile Include="src\_micro-api\libraries\JAF_PIDLib\src\JAF_PIDLib.cpp">
      <Filter>Source Files</Filter>
    </ClCompile>
    <ClCompile Include="src\_micro-api\libraries\JAF_Razor9DOFLib\src\JAF_Razor9DOFLib.cpp">
      <Filter>Source Files</Filter>
    </ClCompile>
    <ClCompile Include="src\_micro-api\libraries\JAF_WatchdogLib\src\JAF_WatchdogLib.cpp">
      <Filter>Source Files</Filter>
    </ClCompile>
  </ItemGroup>
</Project>